schema: '2.0'
stages:
  fetch:
    cmd: uv run python src/data/fetch_air_data.py
    deps:
    - path: src/data/fetch_air_data.py
      hash: md5
      md5: 73fc36f1f7e42d21d213443912266d15
      size: 802
    params:
      params.yaml:
        fetch.url: 
          https://www.arso.gov.si/xml/zrak/ones_zrak_urni_podatki_7dni.xml
    outs:
    - path: data/raw/air/air_data.xml
      hash: md5
      md5: 086ae86554e083c5924c5b379cdf1897
      size: 1169875
  preprocess:
    cmd: uv run python src/data/preprocess_air_data.py
    deps:
    - path: data/raw/air/air_data.xml
      hash: md5
      md5: 086ae86554e083c5924c5b379cdf1897
      size: 1169875
    - path: src/data/preprocess_air_data.py
      hash: md5
      md5: db7ed045e76a00825cc334c14d8b1fc8
      size: 2680
    params:
      params.yaml:
        preprocess.station: all
    outs:
    - path: data/preprocessed/air
      hash: md5
      md5: b5a918feb383b2459935ecaf9f4449db.dir
      size: 310192
      nfiles: 23
  validate:
    cmd: uv run python gx/run_checkpoint.py
    deps:
    - path: data/preprocessed/air
      hash: md5
      md5: b5a918feb383b2459935ecaf9f4449db.dir
      size: 310192
      nfiles: 23
    - path: gx/great_expectations.yml
      hash: md5
      md5: 5f9878370c1d720e34d966f2bc56fd34
      size: 1836
    - path: gx/run_checkpoint.py
      hash: md5
      md5: 0d5ca1b0ee2288e1b455ee8b467f7566
      size: 3812
    outs:
    - path: gx/uncommitted
      hash: md5
      md5: 8aa2652de0f5ea701c23b21011e6bed3.dir
      size: 20123410
      nfiles: 576
  test_data:
    cmd: uv run python src/data/test_data.py
    deps:
    - path: data/preprocessed/air
      hash: md5
      md5: b5a918feb383b2459935ecaf9f4449db.dir
      size: 310192
      nfiles: 23
    - path: src/data/test_data.py
      hash: md5
      md5: 964a938c6f24fefb32846d74ae59d22b
      size: 4865
    params:
      params.yaml:
        data_testing.compare_window_rows: 168
    outs:
    - path: data/reference/air
      hash: md5
      md5: b5a918feb383b2459935ecaf9f4449db.dir
      size: 310192
      nfiles: 23
    - path: reports/data_testing
      hash: md5
      md5: 6ff57bc127dbd4f51e2ca7b981654b73.dir
      size: 79772205
      nfiles: 23
  train:
    cmd: uv run python src/model/train.py
    deps:
    - path: data/preprocessed/air
      hash: md5
      md5: 948045623853e36175bf96f380cf4be1.dir
      size: 296175
      nfiles: 23
    - path: data/reference/air
      hash: md5
      md5: 948045623853e36175bf96f380cf4be1.dir
      size: 296175
      nfiles: 23
    - path: gx/uncommitted
      hash: md5
      md5: b921bb92030181ca9e6777bebe00a132.dir
      size: 18790959
      nfiles: 530
    - path: src/model/preprocess.py
      hash: md5
      md5: 484f66f5642fe83bd3f79f34326cfd1a
      size: 1369
    - path: src/model/train.py
      hash: md5
      md5: ac887e6949780918fcca65d674800259
      size: 11186
    params:
      params.yaml:
        experiment_tracking.experiment_name: IIS_2026_train
        experiment_tracking.tracking_uri: 
          https://dagshub.com/KvarticJan/IIS_2026.mlflow
        train.batch_size: 16
        train.epochs: 8
        train.patience: 2
        train.random_state: 42
        train.station: E410
        train.target_col: PM10
        train.test_size: 24
        train.validation_split: 0.2
        train.window_size: 24
    outs:
    - path: models
      hash: md5
      md5: ddd2552e657a07f7e7fa937fdc3958db.dir
      size: 42782
      nfiles: 2
    - path: reports/model_training
      hash: md5
      md5: 57482fb57c4678be456a6f84bb2ac859.dir
      size: 288
      nfiles: 1
