schema: '2.0'
stages:
  fetch:
    cmd: python -m uv run python src/data/fetch_air_data.py
    deps:
    - path: src/data/fetch_air_data.py
      hash: md5
      md5: a45efe0a05681f5ff9a2f536534b3754
      size: 832
    params:
      params.yaml:
        fetch.url: 
          https://www.arso.gov.si/xml/zrak/ones_zrak_urni_podatki_7dni.xml
    outs:
    - path: data/raw/air/air_data.xml
      hash: md5
      md5: fb277cdff110e249dd6007d4d421f164
      size: 1172178
  preprocess:
    cmd: python -m uv run python src/data/preprocess_air_data.py
    deps:
    - path: data/raw/air/air_data.xml
      hash: md5
      md5: fb277cdff110e249dd6007d4d421f164
      size: 1172178
    - path: src/data/preprocess_air_data.py
      hash: md5
      md5: 20c1cd58aaba8802e3007c40ae97d177
      size: 2760
    params:
      params.yaml:
        preprocess.station: all
    outs:
    - path: data/preprocessed/air
      hash: md5
      md5: 34157e01b1d099b465d52fa32b1ab3b7.dir
      size: 189611
      nfiles: 23
  validate:
    cmd: cd gx && ..\.venv\Scripts\python.exe run_checkpoint.py
    deps:
    - path: data/preprocessed/air
      hash: md5
      md5: 34157e01b1d099b465d52fa32b1ab3b7.dir
      size: 189611
      nfiles: 23
    - path: gx/great_expectations.yml
      hash: md5
      md5: 1a03c91f6b39db7446e19d97f3c9e601
      size: 4499
    - path: gx/run_checkpoint.py
      hash: md5
      md5: 3abb60fcdc77255cd94044b9e7b34cac
      size: 3396
    outs:
    - path: gx/uncommitted
      hash: md5
      md5: 15d116e0ab128cf935f9f5f7c4b41f63.dir
      size: 8131740
      nfiles: 162
  test_data:
    cmd: python -m uv run python src/data/test_data.py
    deps:
    - path: data/preprocessed/air
      hash: md5
      md5: 34157e01b1d099b465d52fa32b1ab3b7.dir
      size: 189611
      nfiles: 23
    - path: src/data/test_data.py
      hash: md5
      md5: a8e0173e6689180509df8d65a5b5acb5
      size: 4290
    outs:
    - path: data/reference/air
      hash: md5
      md5: 34157e01b1d099b465d52fa32b1ab3b7.dir
      size: 189611
      nfiles: 23
    - path: reports/data_testing
      hash: md5
      md5: 28b7d6a6b13fb32d8729d150e87c039d.dir
      size: 80074199
      nfiles: 23
  train:
    cmd: uv run python src/model/train.py
    deps:
    - path: data/preprocessed/air
      hash: md5
      md5: 34157e01b1d099b465d52fa32b1ab3b7.dir
      size: 189611
      nfiles: 23
    - path: data/reference/air
      hash: md5
      md5: 34157e01b1d099b465d52fa32b1ab3b7.dir
      size: 189611
      nfiles: 23
    - path: gx/uncommitted
      hash: md5
      md5: 15d116e0ab128cf935f9f5f7c4b41f63.dir
      size: 8131740
      nfiles: 162
    - path: src/model/preprocess.py
      hash: md5
      md5: 484f66f5642fe83bd3f79f34326cfd1a
      size: 1369
    - path: src/model/train.py
      hash: md5
      md5: 69301f3dc1842d9af9f077f276149316
      size: 8410
    params:
      params.yaml:
        train.batch_size: 16
        train.epochs: 8
        train.patience: 2
        train.random_state: 42
        train.station: E410
        train.target_col: PM10
        train.test_size: 24
        train.validation_split: 0.2
        train.window_size: 24
    outs:
    - path: models
      hash: md5
      md5: 1bce8cb617fd95fcad55eef864ee18ca.dir
      size: 42782
      nfiles: 2
    - path: reports/model_training
      hash: md5
      md5: 0751b4804f9720a39cd34194b5fb169e.dir
      size: 293
      nfiles: 1
