schema: '2.0'
stages:
  fetch:
    cmd: uv run python src/data/fetch_air_data.py
    deps:
    - path: src/data/fetch_air_data.py
      hash: md5
      md5: 73fc36f1f7e42d21d213443912266d15
      size: 802
    params:
      params.yaml:
        fetch.url: 
          https://www.arso.gov.si/xml/zrak/ones_zrak_urni_podatki_7dni.xml
    outs:
    - path: data/raw/air/air_data.xml
      hash: md5
      md5: dc446fc1561af2c6f78ee6fae0b1391f
      size: 1171418
  preprocess:
    cmd: uv run python src/data/preprocess_air_data.py
    deps:
    - path: data/raw/air/air_data.xml
      hash: md5
      md5: dc446fc1561af2c6f78ee6fae0b1391f
      size: 1171418
    - path: src/data/preprocess_air_data.py
      hash: md5
      md5: db7ed045e76a00825cc334c14d8b1fc8
      size: 2680
    params:
      params.yaml:
        preprocess.station: all
    outs:
    - path: data/preprocessed/air
      hash: md5
      md5: 4d2f84917784134fac336b4411f99bb1.dir
      size: 195630
      nfiles: 23
  validate:
    cmd: uv run python gx/run_checkpoint.py
    deps:
    - path: data/preprocessed/air
      hash: md5
      md5: 4d2f84917784134fac336b4411f99bb1.dir
      size: 195630
      nfiles: 23
    - path: gx/great_expectations.yml
      hash: md5
      md5: 5f9878370c1d720e34d966f2bc56fd34
      size: 1836
    - path: gx/run_checkpoint.py
      hash: md5
      md5: 0d5ca1b0ee2288e1b455ee8b467f7566
      size: 3812
    outs:
    - path: gx/uncommitted
      hash: md5
      md5: f7d1c4ffa56dff951bce410b114d9808.dir
      size: 9464013
      nfiles: 208
  test_data:
    cmd: uv run python src/data/test_data.py
    deps:
    - path: data/preprocessed/air
      hash: md5
      md5: 4d2f84917784134fac336b4411f99bb1.dir
      size: 195630
      nfiles: 23
    - path: src/data/test_data.py
      hash: md5
      md5: 964a938c6f24fefb32846d74ae59d22b
      size: 4865
    params:
      params.yaml:
        data_testing.compare_window_rows: 168
    outs:
    - path: data/reference/air
      hash: md5
      md5: 4d2f84917784134fac336b4411f99bb1.dir
      size: 195630
      nfiles: 23
    - path: reports/data_testing
      hash: md5
      md5: a77781ea7f96695a92d23998f0486a63.dir
      size: 79782982
      nfiles: 23
  train:
    cmd: uv run python src/model/train.py
    deps:
    - path: data/preprocessed/air
      hash: md5
      md5: 34157e01b1d099b465d52fa32b1ab3b7.dir
      size: 189611
      nfiles: 23
    - path: data/reference/air
      hash: md5
      md5: 34157e01b1d099b465d52fa32b1ab3b7.dir
      size: 189611
      nfiles: 23
    - path: gx/uncommitted
      hash: md5
      md5: 15d116e0ab128cf935f9f5f7c4b41f63.dir
      size: 8131740
      nfiles: 162
    - path: src/model/preprocess.py
      hash: md5
      md5: 484f66f5642fe83bd3f79f34326cfd1a
      size: 1369
    - path: src/model/train.py
      hash: md5
      md5: 69301f3dc1842d9af9f077f276149316
      size: 8410
    params:
      params.yaml:
        train.batch_size: 16
        train.epochs: 8
        train.patience: 2
        train.random_state: 42
        train.station: E410
        train.target_col: PM10
        train.test_size: 24
        train.validation_split: 0.2
        train.window_size: 24
    outs:
    - path: models
      hash: md5
      md5: 1bce8cb617fd95fcad55eef864ee18ca.dir
      size: 42782
      nfiles: 2
    - path: reports/model_training
      hash: md5
      md5: 0751b4804f9720a39cd34194b5fb169e.dir
      size: 293
      nfiles: 1
